
Microsoft Visual Studio Solution File, Format Version 12.00
# Visual Studio Version 16
VisualStudioVersion = 16.0.29020.237
MinimumVisualStudioVersion = 10.0.40219.1
Project("{FAE04EC0-301F-11D3-BF4B-00C04F79EFBC}") = "RSLogixPowerSupply", "RSLogixPowerSupply.csproj", "{4BA640BA-6D0E-4C85-8463-72B1DA90A8CC}"
EndProject
Global
	GlobalSection(SolutionConfigurationPlatforms) = preSolution
		Debug|Any CPU = Debug|Any CPU
		Release|Any CPU = Release|Any CPU
	EndGlobalSection
	GlobalSection(ProjectConfigurationPlatforms) = postSolution
		{4BA640BA-6D0E-4C85-8463-72B1DA90A8CC}.Debug|Any CPU.ActiveCfg = Debug|Any CPU
		{4BA640BA-6D0E-4C85-8463-72B1DA90A8CC}.Debug|Any CPU.Build.0 = Debug|Any CPU
		{4BA640BA-6D0E-4C85-8463-72B1DA90A8CC}.Release|Any CPU.ActiveCfg = Release|Any CPU
		{4BA640BA-6D0E-4C85-8463-72B1DA90A8CC}.Release|Any CPU.Build.0 = Release|Any CPU
	EndGlobalSection
	GlobalSection(SolutionProperties) = preSolution
		HideSolutionNode = FALSE
	EndGlobalSection
	GlobalSection(ExtensibilityGlobals) = postSolution
		SolutionGuid = {49E03FF3-C837-4A44-8964-CA5947FB7A7A}
	EndGlobalSection
EndGlobal
